
Microsoft Visual Studio Solution File, Format Version 12.00
# Visual Studio Version 17
VisualStudioVersion = 17.9.34728.123
MinimumVisualStudioVersion = 10.0.40219.1
Project("{E24C65DC-7377-472B-9ABA-BC803B73C61A}") = "WebSiteJuez", "WebSiteJuez\", "{802C7BBA-D979-457A-BB13-0B01341E8662}"
	ProjectSection(WebsiteProperties) = preProject
		TargetFrameworkMoniker = ".NETFramework,Version%3Dv4.7.2"
		Debug.AspNetCompiler.VirtualPath = "/localhost_53193"
		Debug.AspNetCompiler.PhysicalPath = "WebSiteJuez\"
		Debug.AspNetCompiler.TargetPath = "PrecompiledWeb\localhost_53193\"
		Debug.AspNetCompiler.Updateable = "true"
		Debug.AspNetCompiler.ForceOverwrite = "true"
		Debug.AspNetCompiler.FixedNames = "false"
		Debug.AspNetCompiler.Debug = "True"
		Release.AspNetCompiler.VirtualPath = "/localhost_53193"
		Release.AspNetCompiler.PhysicalPath = "WebSiteJuez\"
		Release.AspNetCompiler.TargetPath = "PrecompiledWeb\localhost_53193\"
		Release.AspNetCompiler.Updateable = "true"
		Release.AspNetCompiler.ForceOverwrite = "true"
		Release.AspNetCompiler.FixedNames = "false"
		Release.AspNetCompiler.Debug = "False"
		VWDPort = "53193"
		SlnRelativePath = "WebSiteJuez\"
		DefaultWebSiteLanguage = "Visual C#"
	EndProjectSection
EndProject
Global
	GlobalSection(SolutionConfigurationPlatforms) = preSolution
		Debug|Any CPU = Debug|Any CPU
	EndGlobalSection
	GlobalSection(ProjectConfigurationPlatforms) = postSolution
		{802C7BBA-D979-457A-BB13-0B01341E8662}.Debug|Any CPU.ActiveCfg = Debug|Any CPU
		{802C7BBA-D979-457A-BB13-0B01341E8662}.Debug|Any CPU.Build.0 = Debug|Any CPU
	EndGlobalSection
	GlobalSection(SolutionProperties) = preSolution
		HideSolutionNode = FALSE
	EndGlobalSection
	GlobalSection(ExtensibilityGlobals) = postSolution
		SolutionGuid = {02ABD5D3-E8F9-4760-8F85-34440679869D}
	EndGlobalSection
EndGlobal
